
Microsoft Visual Studio Solution File, Format Version 12.00
# Visual Studio 15
VisualStudioVersion = 15.0.28010.2046
MinimumVisualStudioVersion = 10.0.40219.1
Project("{FAE04EC0-301F-11D3-BF4B-00C04F79EFBC}") = "DesktopProjektWPF", "DesktopProjektWPF\DesktopProjektWPF.csproj", "{CD8E7BFE-98E0-4C3A-B2ED-629E35C038D3}"
EndProject
Global
	GlobalSection(SolutionConfigurationPlatforms) = preSolution
		Debug|Any CPU = Debug|Any CPU
		Release|Any CPU = Release|Any CPU
	EndGlobalSection
	GlobalSection(ProjectConfigurationPlatforms) = postSolution
		{CD8E7BFE-98E0-4C3A-B2ED-629E35C038D3}.Debug|Any CPU.ActiveCfg = Debug|Any CPU
		{CD8E7BFE-98E0-4C3A-B2ED-629E35C038D3}.Debug|Any CPU.Build.0 = Debug|Any CPU
		{CD8E7BFE-98E0-4C3A-B2ED-629E35C038D3}.Release|Any CPU.ActiveCfg = Release|Any CPU
		{CD8E7BFE-98E0-4C3A-B2ED-629E35C038D3}.Release|Any CPU.Build.0 = Release|Any CPU
	EndGlobalSection
	GlobalSection(SolutionProperties) = preSolution
		HideSolutionNode = FALSE
	EndGlobalSection
	GlobalSection(ExtensibilityGlobals) = postSolution
		SolutionGuid = {9CB21214-718D-44D4-97EB-1A5307FB1D1C}
	EndGlobalSection
EndGlobal
